{
    "_readme": [
        "This file locks the dependencies of your project to a known state",
        "Read more about it at https://getcomposer.org/doc/01-basic-usage.md#composer-lock-the-lock-file",
        "This file is @generated automatically"
    ],
    "content-hash": "175f6ea486e2234cf36d0c6bd42eadff",
    "packages": [
        {
            "name": "orpheus/orpheus-cache",
            "version": "dev-master",
            "source": {
                "type": "git",
                "url": "https://github.com/Sowapps/orpheus-cache.git",
                "reference": "9b6ab0d36f8be217c4eaf6b30f24ddb301b4ab5d"
            },
            "dist": {
                "type": "zip",
                "url": "https://api.github.com/repos/Sowapps/orpheus-cache/zipball/9b6ab0d36f8be217c4eaf6b30f24ddb301b4ab5d",
                "reference": "9b6ab0d36f8be217c4eaf6b30f24ddb301b4ab5d",
                "shasum": ""
            },
            "type": "library",
            "autoload": {
                "psr-4": {
                    "Orpheus\\": "src"
                }
            },
            "notification-url": "https://packagist.org/downloads/",
            "license": [
                "MIT"
            ],
            "authors": [
                {
                    "name": "Florent HAZARD",
                    "email": "contact@sowapps.com",
                    "homepage": "http://sowapps.com",
                    "role": "Developer"
                }
            ],
            "description": "Orpheus Cache",
            "keywords": [
                "apc",
                "cache",
                "filesystem",
                "orpheus"
            ],
            "time": "2016-11-17 09:22:41"
        },
        {
            "name": "orpheus/orpheus-core",
            "version": "dev-master",
            "source": {
                "type": "git",
                "url": "https://github.com/Sowapps/orpheus-core.git",
                "reference": "0d52723a160eebe65d1c87b9c1dc3c2b915eb314"
            },
            "dist": {
                "type": "zip",
                "url": "https://api.github.com/repos/Sowapps/orpheus-core/zipball/0d52723a160eebe65d1c87b9c1dc3c2b915eb314",
                "reference": "0d52723a160eebe65d1c87b9c1dc3c2b915eb314",
                "shasum": ""
            },
            "require": {
                "orpheus/orpheus-hook": "dev-master"
            },
            "type": "library",
            "autoload": {
                "psr-4": {
                    "Orpheus\\": "src"
                },
                "files": [
                    "src/_loader.php"
                ]
            },
            "notification-url": "https://packagist.org/downloads/",
            "license": [
                "MIT"
            ],
            "authors": [
                {
                    "name": "Florent HAZARD",
                    "email": "contact@sowapps.com",
                    "homepage": "http://sowapps.com",
                    "role": "Developer"
                }
            ],
            "description": "Orpheus Core",
            "keywords": [
                "core",
                "orpheus"
            ],
            "time": "2017-01-21 12:23:21"
        },
        {
            "name": "orpheus/orpheus-entitydescriptor",
            "version": "dev-master",
            "source": {
                "type": "git",
                "url": "https://github.com/Sowapps/orpheus-entitydescriptor.git",
                "reference": "4b0cbc8d783899666141de26b7649bd169835eb4"
            },
            "dist": {
                "type": "zip",
                "url": "https://api.github.com/repos/Sowapps/orpheus-entitydescriptor/zipball/4b0cbc8d783899666141de26b7649bd169835eb4",
                "reference": "4b0cbc8d783899666141de26b7649bd169835eb4",
                "shasum": ""
            },
            "require": {
                "orpheus/orpheus-cache": "dev-master",
                "orpheus/orpheus-core": "dev-master",
                "orpheus/orpheus-hook": "dev-master",
                "orpheus/orpheus-inputcontroller": "dev-master",
                "orpheus/orpheus-publisher": "dev-master",
                "orpheus/orpheus-rendering": "dev-master",
                "orpheus/orpheus-sqladapter": "dev-master",
                "orpheus/orpheus-webtools": "dev-master",
                "orpheus/orpheus-yaml": "dev-master"
            },
            "type": "library",
            "autoload": {
                "psr-4": {
                    "Orpheus\\": "src"
                },
                "files": [
                    "src/_loader.php"
                ]
            },
            "notification-url": "https://packagist.org/downloads/",
            "license": [
                "MIT"
            ],
            "authors": [
                {
                    "name": "Florent HAZARD",
                    "email": "contact@sowapps.com",
                    "homepage": "http://sowapps.com",
                    "role": "Developer"
                }
            ],
            "description": "Orpheus Entity Descriptor",
            "keywords": [
                "database",
                "entity",
                "object",
                "orpheus",
                "persistent"
            ],
            "time": "2017-01-21 12:24:30"
        },
        {
            "name": "orpheus/orpheus-form",
            "version": "dev-master",
            "source": {
                "type": "git",
                "url": "https://github.com/Sowapps/orpheus-form.git",
                "reference": "b42b9896d51ad1c7d9217ccb388762db44dff238"
            },
            "dist": {
                "type": "zip",
                "url": "https://api.github.com/repos/Sowapps/orpheus-form/zipball/b42b9896d51ad1c7d9217ccb388762db44dff238",
                "reference": "b42b9896d51ad1c7d9217ccb388762db44dff238",
                "shasum": ""
            },
            "require": {
                "orpheus/orpheus-cache": "dev-master",
                "orpheus/orpheus-core": "dev-master",
                "orpheus/orpheus-hook": "dev-master",
                "orpheus/orpheus-inputcontroller": "dev-master",
                "orpheus/orpheus-rendering": "dev-master",
                "orpheus/orpheus-yaml": "dev-master"
            },
            "type": "library",
            "autoload": {
                "psr-4": {
                    "Orpheus\\": "src"
                }
            },
            "notification-url": "https://packagist.org/downloads/",
            "license": [
                "MIT"
            ],
            "authors": [
                {
                    "name": "Florent HAZARD",
                    "email": "contact@sowapps.com",
                    "homepage": "http://sowapps.com",
                    "role": "Developer"
                }
            ],
            "description": "Orpheus Form",
            "keywords": [
                "form",
                "orpheus"
            ],
            "time": "2016-07-23 15:42:46"
        },
        {
            "name": "orpheus/orpheus-hook",
            "version": "dev-master",
            "source": {
                "type": "git",
                "url": "https://github.com/Sowapps/orpheus-hook.git",
                "reference": "55d45514f1bda4a1dbf5c88f828cfde5fba25cbe"
            },
            "dist": {
                "type": "zip",
                "url": "https://api.github.com/repos/Sowapps/orpheus-hook/zipball/55d45514f1bda4a1dbf5c88f828cfde5fba25cbe",
                "reference": "55d45514f1bda4a1dbf5c88f828cfde5fba25cbe",
                "shasum": ""
            },
            "type": "library",
            "autoload": {
                "psr-4": {
                    "Orpheus\\": "src"
                },
                "files": [
                    "src/_loader.php"
                ]
            },
            "notification-url": "https://packagist.org/downloads/",
            "license": [
                "MIT"
            ],
            "authors": [
                {
                    "name": "Florent HAZARD",
                    "email": "contact@sowapps.com",
                    "homepage": "http://sowapps.com",
                    "role": "Developer"
                }
            ],
            "description": "Orpheus Hook",
            "homepage": "https://github.com/Sowapps/orpheus-hook",
            "keywords": [
                "HOOK",
                "event",
                "orpheus"
            ],
            "time": "2016-10-06 14:58:41"
        },
        {
            "name": "orpheus/orpheus-initernationalization",
            "version": "dev-master",
            "source": {
                "type": "git",
                "url": "https://github.com/Sowapps/orpheus-initernationalization.git",
                "reference": "bf0f8d20613829bce7346fc758582dfa307702b3"
            },
            "dist": {
                "type": "zip",
                "url": "https://api.github.com/repos/Sowapps/orpheus-initernationalization/zipball/bf0f8d20613829bce7346fc758582dfa307702b3",
                "reference": "bf0f8d20613829bce7346fc758582dfa307702b3",
                "shasum": ""
            },
            "type": "library",
            "autoload": {
                "files": [
                    "src/_loader.php"
                ]
            },
            "notification-url": "https://packagist.org/downloads/",
            "license": [
                "MIT"
            ],
            "authors": [
                {
                    "name": "Florent HAZARD",
                    "email": "contact@sowapps.com",
                    "homepage": "http://sowapps.com",
                    "role": "Developer"
                }
            ],
            "description": "Orpheus Initernationalization",
            "keywords": [
                "ini",
                "internationalization",
                "orpheus"
            ],
            "time": "2016-10-19 05:36:22"
        },
        {
            "name": "orpheus/orpheus-inputcontroller",
            "version": "dev-master",
            "source": {
                "type": "git",
                "url": "https://github.com/Sowapps/orpheus-inputcontroller.git",
                "reference": "cd0c881e54a4b7e02c1e68f3a913f4886a033cf3"
            },
            "dist": {
                "type": "zip",
                "url": "https://api.github.com/repos/Sowapps/orpheus-inputcontroller/zipball/cd0c881e54a4b7e02c1e68f3a913f4886a033cf3",
                "reference": "cd0c881e54a4b7e02c1e68f3a913f4886a033cf3",
                "shasum": ""
            },
            "require": {
                "orpheus/orpheus-cache": "dev-master",
                "orpheus/orpheus-core": "dev-master",
                "orpheus/orpheus-hook": "dev-master",
                "orpheus/orpheus-rendering": "dev-master",
                "orpheus/orpheus-webtools": "dev-master",
                "orpheus/orpheus-yaml": "dev-master"
            },
            "type": "library",
            "autoload": {
                "psr-4": {
                    "Orpheus\\": "src"
                },
                "files": [
                    "src/_loader.php"
                ]
            },
            "notification-url": "https://packagist.org/downloads/",
            "license": [
                "MIT"
            ],
            "authors": [
                {
                    "name": "Florent HAZARD",
                    "email": "contact@sowapps.com",
                    "homepage": "http://sowapps.com",
                    "role": "Developer"
                }
            ],
            "description": "Orpheus Input Controller",
            "keywords": [
                "controller",
                "input",
                "model",
                "mvc",
                "orpheus",
                "view"
            ],
            "time": "2016-11-16 14:08:50"
        },
        {
            "name": "orpheus/orpheus-publisher",
            "version": "dev-master",
            "source": {
                "type": "git",
                "url": "https://github.com/Sowapps/orpheus-publisher.git",
                "reference": "f2e086db4b4c9486b2fceedcec9e75575c12486b"
            },
            "dist": {
                "type": "zip",
                "url": "https://api.github.com/repos/Sowapps/orpheus-publisher/zipball/f2e086db4b4c9486b2fceedcec9e75575c12486b",
                "reference": "f2e086db4b4c9486b2fceedcec9e75575c12486b",
                "shasum": ""
            },
            "require": {
                "orpheus/orpheus-cache": "dev-master",
                "orpheus/orpheus-core": "dev-master",
                "orpheus/orpheus-hook": "dev-master",
                "orpheus/orpheus-inputcontroller": "dev-master",
                "orpheus/orpheus-rendering": "dev-master",
                "orpheus/orpheus-sqladapter": "dev-master",
                "orpheus/orpheus-yaml": "dev-master"
            },
            "type": "library",
            "autoload": {
                "psr-4": {
                    "Orpheus\\": "src"
                },
                "files": [
                    "src/_loader.php"
                ]
            },
            "notification-url": "https://packagist.org/downloads/",
            "license": [
                "MIT"
            ],
            "authors": [
                {
                    "name": "Florent HAZARD",
                    "email": "contact@sowapps.com",
                    "homepage": "http://sowapps.com",
                    "role": "Developer"
                }
            ],
            "description": "Orpheus Publisher",
            "keywords": [
                "database",
                "object",
                "orpheus",
                "persistent",
                "publisher"
            ],
            "time": "2016-11-18 17:29:46"
        },
        {
            "name": "orpheus/orpheus-rendering",
            "version": "dev-master",
            "source": {
                "type": "git",
                "url": "https://github.com/Sowapps/orpheus-rendering.git",
                "reference": "98646583de43ff7442cc6e1d6b25358f9eef0ce0"
            },
            "dist": {
                "type": "zip",
                "url": "https://api.github.com/repos/Sowapps/orpheus-rendering/zipball/98646583de43ff7442cc6e1d6b25358f9eef0ce0",
                "reference": "98646583de43ff7442cc6e1d6b25358f9eef0ce0",
                "shasum": ""
            },
            "require": {
                "orpheus/orpheus-core": "dev-master",
                "orpheus/orpheus-hook": "dev-master"
            },
            "type": "library",
            "autoload": {
                "psr-4": {
                    "Orpheus\\": "src"
                },
                "files": [
                    "src/_loader.php"
                ]
            },
            "notification-url": "https://packagist.org/downloads/",
            "license": [
                "MIT"
            ],
            "authors": [
                {
                    "name": "Florent HAZARD",
                    "email": "contact@sowapps.com",
                    "homepage": "http://sowapps.com",
                    "role": "Developer"
                }
            ],
            "description": "Orpheus Rendering",
            "keywords": [
                "Rendering",
                "orpheus"
            ],
            "time": "2017-01-10 13:32:06"
        },
        {
            "name": "orpheus/orpheus-sqladapter",
            "version": "dev-master",
            "source": {
                "type": "git",
                "url": "https://github.com/Sowapps/orpheus-sqladapter.git",
                "reference": "3728a04f00c494d725414f9423e6f61243a692a2"
            },
            "dist": {
                "type": "zip",
                "url": "https://api.github.com/repos/Sowapps/orpheus-sqladapter/zipball/3728a04f00c494d725414f9423e6f61243a692a2",
                "reference": "3728a04f00c494d725414f9423e6f61243a692a2",
                "shasum": ""
            },
            "require": {
                "orpheus/orpheus-cache": "dev-master",
                "orpheus/orpheus-core": "dev-master"
            },
            "type": "library",
            "autoload": {
                "psr-4": {
                    "Orpheus\\": "src"
                },
                "files": [
                    "src/_loader.php"
                ]
            },
            "notification-url": "https://packagist.org/downloads/",
            "license": [
                "MIT"
            ],
            "authors": [
                {
                    "name": "Florent HAZARD",
                    "email": "contact@sowapps.com",
                    "homepage": "http://sowapps.com",
                    "role": "Developer"
                }
            ],
            "description": "Orpheus SQL Adapter",
            "keywords": [
                "database",
                "orpheus",
                "query",
                "sql"
            ],
            "time": "2017-01-21 12:23:36"
        },
        {
            "name": "orpheus/orpheus-webtools",
            "version": "dev-master",
            "source": {
                "type": "git",
                "url": "https://github.com/Sowapps/orpheus-webtools.git",
                "reference": "653682fcff6327a29c2b3ecbc796fae49e7c03ba"
            },
            "dist": {
                "type": "zip",
                "url": "https://api.github.com/repos/Sowapps/orpheus-webtools/zipball/653682fcff6327a29c2b3ecbc796fae49e7c03ba",
                "reference": "653682fcff6327a29c2b3ecbc796fae49e7c03ba",
                "shasum": ""
            },
            "require": {
                "orpheus/orpheus-cache": "dev-master",
                "orpheus/orpheus-core": "dev-master",
                "orpheus/orpheus-hook": "dev-master"
            },
            "type": "library",
            "autoload": {
                "psr-4": {
                    "Orpheus\\": "src"
                }
            },
            "notification-url": "https://packagist.org/downloads/",
            "license": [
                "MIT"
            ],
            "authors": [
                {
                    "name": "Florent HAZARD",
                    "email": "contact@sowapps.com",
                    "homepage": "http://sowapps.com",
                    "role": "Developer"
                }
            ],
            "description": "Orpheus WebTools",
            "keywords": [
                "configuration",
                "email",
                "generator",
                "orpheus",
                "password",
                "slug",
                "tools",
                "web"
            ],
            "time": "2016-10-20 13:04:16"
        },
        {
            "name": "orpheus/orpheus-yaml",
            "version": "dev-master",
            "source": {
                "type": "git",
                "url": "https://github.com/Sowapps/orpheus-yaml.git",
                "reference": "9c32ede83911976e39ede0ee84a1ba1a97152fa2"
            },
            "dist": {
                "type": "zip",
                "url": "https://api.github.com/repos/Sowapps/orpheus-yaml/zipball/9c32ede83911976e39ede0ee84a1ba1a97152fa2",
                "reference": "9c32ede83911976e39ede0ee84a1ba1a97152fa2",
                "shasum": ""
            },
            "require": {
                "orpheus/orpheus-core": "dev-master"
            },
            "type": "library",
            "autoload": {
                "psr-4": {
                    "Orpheus\\": "src"
                }
            },
            "notification-url": "https://packagist.org/downloads/",
            "license": [
                "MIT"
            ],
            "authors": [
                {
                    "name": "Florent HAZARD",
                    "email": "contact@sowapps.com",
                    "homepage": "http://sowapps.com",
                    "role": "Developer"
                }
            ],
            "description": "Orpheus YAML",
            "keywords": [
                "orpheus",
                "yaml"
            ],
            "time": "2016-07-23 07:35:16"
        }
    ],
    "packages-dev": [],
    "aliases": [],
    "minimum-stability": "stable",
    "stability-flags": {
        "orpheus/orpheus-core": 20,
        "orpheus/orpheus-hook": 20,
        "orpheus/orpheus-cache": 20,
        "orpheus/orpheus-yaml": 20,
        "orpheus/orpheus-initernationalization": 20,
        "orpheus/orpheus-rendering": 20,
        "orpheus/orpheus-inputcontroller": 20,
        "orpheus/orpheus-sqladapter": 20,
        "orpheus/orpheus-publisher": 20,
        "orpheus/orpheus-entitydescriptor": 20,
        "orpheus/orpheus-form": 20,
        "orpheus/orpheus-webtools": 20
    },
    "prefer-stable": false,
    "prefer-lowest": false,
    "platform": [],
    "platform-dev": []
}
