{
  "_readme": [
	"This file locks the dependencies of your project to a known state",
	"Read more about it at https://getcomposer.org/doc/01-basic-usage.md#installing-dependencies",
	"This file is @generated automatically"
  ],
  "content-hash": "ef1cf2eeece0db0fb2208969bbf88d39",
  "packages": [
	{
	  "name": "orpheus/orpheus-cache",
	  "version": "dev-master",
	  "source": {
		"type": "git",
		"url": "https://github.com/Sowapps/orpheus-cache.git",
		"reference": "9b6ab0d36f8be217c4eaf6b30f24ddb301b4ab5d"
	  },
	  "dist": {
                "type": "zip",
                "url": "https://api.github.com/repos/Sowapps/orpheus-cache/zipball/9b6ab0d36f8be217c4eaf6b30f24ddb301b4ab5d",
                "reference": "9b6ab0d36f8be217c4eaf6b30f24ddb301b4ab5d",
                "shasum": ""
            },
            "type": "library",
            "autoload": {
                "psr-4": {
                    "Orpheus\\": "src"
                }
            },
            "notification-url": "https://packagist.org/downloads/",
            "license": [
                "MIT"
            ],
            "authors": [
                {
                    "name": "Florent HAZARD",
                    "email": "contact@sowapps.com",
                    "homepage": "http://sowapps.com",
                    "role": "Developer"
                }
            ],
            "description": "Orpheus Cache",
            "keywords": [
                "apc",
                "cache",
                "filesystem",
                "orpheus"
            ],
	  "time": "2016-11-17T09:22:41+00:00"
        },
        {
            "name": "orpheus/orpheus-core",
            "version": "dev-master",
            "source": {
                "type": "git",
                "url": "https://github.com/Sowapps/orpheus-core.git",
			  "reference": "04d4799bb22a0e2fc01222a32be9ca5561af28b2"
            },
            "dist": {
			  "type": "zip",
			  "url": "https://api.github.com/repos/Sowapps/orpheus-core/zipball/04d4799bb22a0e2fc01222a32be9ca5561af28b2",
			  "reference": "04d4799bb22a0e2fc01222a32be9ca5561af28b2",
			  "shasum": ""
			},
            "require": {
                "orpheus/orpheus-hook": "dev-master"
            },
            "type": "library",
            "autoload": {
                "psr-4": {
                    "Orpheus\\": "src"
                },
                "files": [
                    "src/_loader.php"
                ]
            },
            "notification-url": "https://packagist.org/downloads/",
            "license": [
                "MIT"
            ],
            "authors": [
                {
                    "name": "Florent HAZARD",
                    "email": "contact@sowapps.com",
                    "homepage": "http://sowapps.com",
                    "role": "Developer"
                }
            ],
            "description": "Orpheus Core",
            "keywords": [
                "core",
                "orpheus"
            ],
		  "time": "2018-06-20T22:22:15+00:00"
        },
        {
            "name": "orpheus/orpheus-entitydescriptor",
            "version": "dev-master",
            "source": {
                "type": "git",
                "url": "https://github.com/Sowapps/orpheus-entitydescriptor.git",
			  "reference": "b9cc04c42e7955b11f37a70ee7cd2a518f5983b2"
            },
            "dist": {
			  "type": "zip",
			  "url": "https://api.github.com/repos/Sowapps/orpheus-entitydescriptor/zipball/b9cc04c42e7955b11f37a70ee7cd2a518f5983b2",
			  "reference": "b9cc04c42e7955b11f37a70ee7cd2a518f5983b2",
			  "shasum": ""
			},
            "require": {
                "orpheus/orpheus-cache": "dev-master",
                "orpheus/orpheus-core": "dev-master",
                "orpheus/orpheus-hook": "dev-master",
                "orpheus/orpheus-inputcontroller": "dev-master",
                "orpheus/orpheus-publisher": "dev-master",
                "orpheus/orpheus-rendering": "dev-master",
                "orpheus/orpheus-sqladapter": "dev-master",
                "orpheus/orpheus-webtools": "dev-master",
                "orpheus/orpheus-yaml": "dev-master"
            },
            "type": "library",
            "autoload": {
                "psr-4": {
                    "Orpheus\\": "src"
                },
                "files": [
                    "src/_loader.php"
                ]
            },
            "notification-url": "https://packagist.org/downloads/",
            "license": [
                "MIT"
            ],
            "authors": [
                {
                    "name": "Florent HAZARD",
                    "email": "contact@sowapps.com",
                    "homepage": "http://sowapps.com",
                    "role": "Developer"
                }
            ],
            "description": "Orpheus Entity Descriptor",
            "keywords": [
                "database",
                "entity",
                "object",
                "orpheus",
                "persistent"
            ],
		  "time": "2018-02-11T12:12:18+00:00"
        },
        {
            "name": "orpheus/orpheus-form",
            "version": "dev-master",
            "source": {
                "type": "git",
                "url": "https://github.com/Sowapps/orpheus-form.git",
                "reference": "b42b9896d51ad1c7d9217ccb388762db44dff238"
            },
            "dist": {
                "type": "zip",
                "url": "https://api.github.com/repos/Sowapps/orpheus-form/zipball/b42b9896d51ad1c7d9217ccb388762db44dff238",
                "reference": "b42b9896d51ad1c7d9217ccb388762db44dff238",
                "shasum": ""
            },
            "require": {
                "orpheus/orpheus-cache": "dev-master",
                "orpheus/orpheus-core": "dev-master",
                "orpheus/orpheus-hook": "dev-master",
                "orpheus/orpheus-inputcontroller": "dev-master",
                "orpheus/orpheus-rendering": "dev-master",
                "orpheus/orpheus-yaml": "dev-master"
            },
            "type": "library",
            "autoload": {
                "psr-4": {
                    "Orpheus\\": "src"
                }
            },
            "notification-url": "https://packagist.org/downloads/",
            "license": [
                "MIT"
            ],
            "authors": [
                {
                    "name": "Florent HAZARD",
                    "email": "contact@sowapps.com",
                    "homepage": "http://sowapps.com",
                    "role": "Developer"
                }
            ],
            "description": "Orpheus Form",
            "keywords": [
                "form",
                "orpheus"
            ],
		  "time": "2016-07-23T15:42:46+00:00"
        },
        {
            "name": "orpheus/orpheus-hook",
            "version": "dev-master",
            "source": {
                "type": "git",
                "url": "https://github.com/Sowapps/orpheus-hook.git",
                "reference": "55d45514f1bda4a1dbf5c88f828cfde5fba25cbe"
            },
            "dist": {
                "type": "zip",
                "url": "https://api.github.com/repos/Sowapps/orpheus-hook/zipball/55d45514f1bda4a1dbf5c88f828cfde5fba25cbe",
                "reference": "55d45514f1bda4a1dbf5c88f828cfde5fba25cbe",
                "shasum": ""
            },
            "type": "library",
            "autoload": {
                "psr-4": {
                    "Orpheus\\": "src"
                },
                "files": [
                    "src/_loader.php"
                ]
            },
            "notification-url": "https://packagist.org/downloads/",
            "license": [
                "MIT"
            ],
            "authors": [
                {
                    "name": "Florent HAZARD",
                    "email": "contact@sowapps.com",
                    "homepage": "http://sowapps.com",
                    "role": "Developer"
                }
            ],
            "description": "Orpheus Hook",
            "homepage": "https://github.com/Sowapps/orpheus-hook",
            "keywords": [
                "HOOK",
                "event",
                "orpheus"
            ],
		  "time": "2016-10-06T14:58:41+00:00"
        },
        {
            "name": "orpheus/orpheus-initernationalization",
            "version": "dev-master",
            "source": {
                "type": "git",
                "url": "https://github.com/Sowapps/orpheus-initernationalization.git",
                "reference": "bf0f8d20613829bce7346fc758582dfa307702b3"
            },
            "dist": {
                "type": "zip",
                "url": "https://api.github.com/repos/Sowapps/orpheus-initernationalization/zipball/bf0f8d20613829bce7346fc758582dfa307702b3",
                "reference": "bf0f8d20613829bce7346fc758582dfa307702b3",
                "shasum": ""
            },
            "type": "library",
            "autoload": {
                "files": [
                    "src/_loader.php"
                ]
            },
            "notification-url": "https://packagist.org/downloads/",
            "license": [
                "MIT"
            ],
            "authors": [
                {
                    "name": "Florent HAZARD",
                    "email": "contact@sowapps.com",
                    "homepage": "http://sowapps.com",
                    "role": "Developer"
                }
            ],
            "description": "Orpheus Initernationalization",
            "keywords": [
                "ini",
                "internationalization",
                "orpheus"
            ],
		  "time": "2016-10-19T05:36:22+00:00"
        },
        {
            "name": "orpheus/orpheus-inputcontroller",
            "version": "dev-master",
            "source": {
                "type": "git",
                "url": "https://github.com/Sowapps/orpheus-inputcontroller.git",
			  "reference": "91f848a42ac02ae4009ffb3e9a9b4e8c0731455e"
            },
            "dist": {
			  "type": "zip",
			  "url": "https://api.github.com/repos/Sowapps/orpheus-inputcontroller/zipball/91f848a42ac02ae4009ffb3e9a9b4e8c0731455e",
			  "reference": "91f848a42ac02ae4009ffb3e9a9b4e8c0731455e",
			  "shasum": ""
			},
            "require": {
                "orpheus/orpheus-cache": "dev-master",
                "orpheus/orpheus-core": "dev-master",
                "orpheus/orpheus-hook": "dev-master",
                "orpheus/orpheus-rendering": "dev-master",
                "orpheus/orpheus-webtools": "dev-master",
                "orpheus/orpheus-yaml": "dev-master"
            },
            "type": "library",
            "autoload": {
                "psr-4": {
                    "Orpheus\\": "src"
                },
                "files": [
                    "src/_loader.php"
                ]
            },
            "notification-url": "https://packagist.org/downloads/",
            "license": [
                "MIT"
            ],
            "authors": [
                {
                    "name": "Florent HAZARD",
                    "email": "contact@sowapps.com",
                    "homepage": "http://sowapps.com",
                    "role": "Developer"
                }
            ],
            "description": "Orpheus Input Controller",
            "keywords": [
                "controller",
                "input",
                "model",
                "mvc",
                "orpheus",
                "view"
            ],
		  "time": "2019-01-08T20:35:00+00:00"
        },
        {
            "name": "orpheus/orpheus-publisher",
            "version": "dev-master",
            "source": {
                "type": "git",
                "url": "https://github.com/Sowapps/orpheus-publisher.git",
			  "reference": "e33508538a0aa6f7491d724ca1cb09893203bfba"
            },
            "dist": {
			  "type": "zip",
			  "url": "https://api.github.com/repos/Sowapps/orpheus-publisher/zipball/e33508538a0aa6f7491d724ca1cb09893203bfba",
			  "reference": "e33508538a0aa6f7491d724ca1cb09893203bfba",
			  "shasum": ""
			},
            "require": {
                "orpheus/orpheus-cache": "dev-master",
                "orpheus/orpheus-core": "dev-master",
                "orpheus/orpheus-hook": "dev-master",
                "orpheus/orpheus-inputcontroller": "dev-master",
                "orpheus/orpheus-rendering": "dev-master",
                "orpheus/orpheus-sqladapter": "dev-master",
                "orpheus/orpheus-yaml": "dev-master"
            },
            "type": "library",
            "autoload": {
                "psr-4": {
                    "Orpheus\\": "src"
                },
                "files": [
                    "src/_loader.php"
                ]
            },
            "notification-url": "https://packagist.org/downloads/",
            "license": [
                "MIT"
            ],
            "authors": [
                {
                    "name": "Florent HAZARD",
                    "email": "contact@sowapps.com",
                    "homepage": "http://sowapps.com",
                    "role": "Developer"
                }
            ],
            "description": "Orpheus Publisher",
            "keywords": [
                "database",
                "object",
                "orpheus",
                "persistent",
                "publisher"
            ],
		  "time": "2018-01-01T16:26:21+00:00"
        },
        {
            "name": "orpheus/orpheus-rendering",
            "version": "dev-master",
            "source": {
                "type": "git",
                "url": "https://github.com/Sowapps/orpheus-rendering.git",
			  "reference": "415ae6d4f0c2256a67dc76c6fa104d6c3ccb4156"
            },
            "dist": {
			  "type": "zip",
			  "url": "https://api.github.com/repos/Sowapps/orpheus-rendering/zipball/415ae6d4f0c2256a67dc76c6fa104d6c3ccb4156",
			  "reference": "415ae6d4f0c2256a67dc76c6fa104d6c3ccb4156",
			  "shasum": ""
			},
            "require": {
                "orpheus/orpheus-core": "dev-master",
                "orpheus/orpheus-hook": "dev-master"
            },
            "type": "library",
            "autoload": {
                "psr-4": {
                    "Orpheus\\": "src"
                },
                "files": [
                    "src/_loader.php"
                ]
            },
            "notification-url": "https://packagist.org/downloads/",
            "license": [
                "MIT"
            ],
            "authors": [
                {
                    "name": "Florent HAZARD",
                    "email": "contact@sowapps.com",
                    "homepage": "http://sowapps.com",
                    "role": "Developer"
                }
            ],
            "description": "Orpheus Rendering",
            "keywords": [
                "Rendering",
                "orpheus"
            ],
		  "time": "2017-12-17T17:44:30+00:00"
        },
        {
            "name": "orpheus/orpheus-sqladapter",
            "version": "dev-master",
            "source": {
                "type": "git",
                "url": "https://github.com/Sowapps/orpheus-sqladapter.git",
			  "reference": "a7924072255503e6673badea0fb8379e43af3e8c"
            },
            "dist": {
			  "type": "zip",
			  "url": "https://api.github.com/repos/Sowapps/orpheus-sqladapter/zipball/a7924072255503e6673badea0fb8379e43af3e8c",
			  "reference": "a7924072255503e6673badea0fb8379e43af3e8c",
			  "shasum": ""
			},
            "require": {
			  "ext-pdo": "*",
			  "orpheus/orpheus-cache": "dev-master",
			  "orpheus/orpheus-core": "dev-master"
			},
            "type": "library",
            "autoload": {
                "psr-4": {
                    "Orpheus\\": "src"
                },
                "files": [
                    "src/_loader.php"
                ]
            },
            "notification-url": "https://packagist.org/downloads/",
            "license": [
                "MIT"
            ],
            "authors": [
                {
                    "name": "Florent HAZARD",
                    "email": "contact@sowapps.com",
                    "homepage": "http://sowapps.com",
                    "role": "Developer"
                }
            ],
            "description": "Orpheus SQL Adapter",
            "keywords": [
                "database",
                "orpheus",
                "query",
                "sql"
            ],
		  "time": "2019-11-04T08:38:25+00:00"
        },
        {
            "name": "orpheus/orpheus-webtools",
            "version": "dev-master",
            "source": {
                "type": "git",
                "url": "https://github.com/Sowapps/orpheus-webtools.git",
                "reference": "653682fcff6327a29c2b3ecbc796fae49e7c03ba"
            },
            "dist": {
                "type": "zip",
                "url": "https://api.github.com/repos/Sowapps/orpheus-webtools/zipball/653682fcff6327a29c2b3ecbc796fae49e7c03ba",
                "reference": "653682fcff6327a29c2b3ecbc796fae49e7c03ba",
                "shasum": ""
            },
            "require": {
                "orpheus/orpheus-cache": "dev-master",
                "orpheus/orpheus-core": "dev-master",
                "orpheus/orpheus-hook": "dev-master"
            },
            "type": "library",
            "autoload": {
                "psr-4": {
                    "Orpheus\\": "src"
                }
            },
            "notification-url": "https://packagist.org/downloads/",
            "license": [
                "MIT"
            ],
            "authors": [
                {
                    "name": "Florent HAZARD",
                    "email": "contact@sowapps.com",
                    "homepage": "http://sowapps.com",
                    "role": "Developer"
                }
            ],
            "description": "Orpheus WebTools",
            "keywords": [
                "configuration",
                "email",
                "generator",
                "orpheus",
                "password",
                "slug",
                "tools",
                "web"
            ],
		  "time": "2016-10-20T13:04:16+00:00"
        },
        {
            "name": "orpheus/orpheus-yaml",
            "version": "dev-master",
            "source": {
                "type": "git",
                "url": "https://github.com/Sowapps/orpheus-yaml.git",
			  "reference": "3eae8dd17551c4e2b51b2d8b790ac7ff0e443c6e"
            },
            "dist": {
			  "type": "zip",
			  "url": "https://api.github.com/repos/Sowapps/orpheus-yaml/zipball/3eae8dd17551c4e2b51b2d8b790ac7ff0e443c6e",
			  "reference": "3eae8dd17551c4e2b51b2d8b790ac7ff0e443c6e",
			  "shasum": ""
			},
            "require": {
                "orpheus/orpheus-core": "dev-master"
            },
            "type": "library",
            "autoload": {
                "psr-4": {
                    "Orpheus\\": "src"
                }
            },
            "notification-url": "https://packagist.org/downloads/",
            "license": [
                "MIT"
            ],
            "authors": [
                {
                    "name": "Florent HAZARD",
                    "email": "contact@sowapps.com",
                    "homepage": "http://sowapps.com",
                    "role": "Developer"
                }
            ],
            "description": "Orpheus YAML",
            "keywords": [
                "orpheus",
                "yaml"
            ],
		  "time": "2017-03-25T22:11:09+00:00"
        }
    ],
    "packages-dev": [],
    "aliases": [],
    "minimum-stability": "stable",
    "stability-flags": {
        "orpheus/orpheus-core": 20,
        "orpheus/orpheus-hook": 20,
        "orpheus/orpheus-cache": 20,
        "orpheus/orpheus-yaml": 20,
        "orpheus/orpheus-initernationalization": 20,
	  "orpheus/orpheus-rendering": 20,
	  "orpheus/orpheus-inputcontroller": 20,
	  "orpheus/orpheus-sqladapter": 20,
	  "orpheus/orpheus-publisher": 20,
	  "orpheus/orpheus-entitydescriptor": 20,
	  "orpheus/orpheus-form": 20,
	  "orpheus/orpheus-webtools": 20
	},
  "prefer-stable": false,
  "prefer-lowest": false,
  "platform": {
	"ext-pdo": "*"
  },
  "platform-dev": []
}
